
Microsoft Visual Studio Solution File, Format Version 12.00
# Visual Studio Version 17
VisualStudioVersion = 17.1.32319.34
MinimumVisualStudioVersion = 10.0.40219.1
Project("{9A19103F-16F7-4668-BE54-9A1E7A4F7556}") = "Eventgrid", "Eventgrid\Eventgrid.csproj", "{A24463D8-089E-429B-B9CA-AEDA6B6AED32}"
EndProject
Project("{9A19103F-16F7-4668-BE54-9A1E7A4F7556}") = "AzureEventGrid", "AzureEventGrid\AzureEventGrid.csproj", "{A498BD9B-8830-4BE1-95E3-8DADE2719D71}"
EndProject
Project("{9A19103F-16F7-4668-BE54-9A1E7A4F7556}") = "EventGridTrigger", "EventGridTrigger\EventGridTrigger.csproj", "{C27040DE-815D-4F4F-AEA6-2C57CB84C8FF}"
EndProject
Project("{FAE04EC0-301F-11D3-BF4B-00C04F79EFBC}") = "HttpTrigger", "HttpTrigger\HttpTrigger.csproj", "{5A251E2F-E8F6-485B-9B8C-A4E48AA9FCCD}"
EndProject
Global
	GlobalSection(SolutionConfigurationPlatforms) = preSolution
		Debug|Any CPU = Debug|Any CPU
		Release|Any CPU = Release|Any CPU
	EndGlobalSection
	GlobalSection(ProjectConfigurationPlatforms) = postSolution
		{A24463D8-089E-429B-B9CA-AEDA6B6AED32}.Debug|Any CPU.ActiveCfg = Debug|Any CPU
		{A24463D8-089E-429B-B9CA-AEDA6B6AED32}.Debug|Any CPU.Build.0 = Debug|Any CPU
		{A24463D8-089E-429B-B9CA-AEDA6B6AED32}.Release|Any CPU.ActiveCfg = Release|Any CPU
		{A24463D8-089E-429B-B9CA-AEDA6B6AED32}.Release|Any CPU.Build.0 = Release|Any CPU
		{A498BD9B-8830-4BE1-95E3-8DADE2719D71}.Debug|Any CPU.ActiveCfg = Debug|Any CPU
		{A498BD9B-8830-4BE1-95E3-8DADE2719D71}.Debug|Any CPU.Build.0 = Debug|Any CPU
		{A498BD9B-8830-4BE1-95E3-8DADE2719D71}.Release|Any CPU.ActiveCfg = Release|Any CPU
		{A498BD9B-8830-4BE1-95E3-8DADE2719D71}.Release|Any CPU.Build.0 = Release|Any CPU
		{C27040DE-815D-4F4F-AEA6-2C57CB84C8FF}.Debug|Any CPU.ActiveCfg = Debug|Any CPU
		{C27040DE-815D-4F4F-AEA6-2C57CB84C8FF}.Debug|Any CPU.Build.0 = Debug|Any CPU
		{C27040DE-815D-4F4F-AEA6-2C57CB84C8FF}.Release|Any CPU.ActiveCfg = Release|Any CPU
		{C27040DE-815D-4F4F-AEA6-2C57CB84C8FF}.Release|Any CPU.Build.0 = Release|Any CPU
		{5A251E2F-E8F6-485B-9B8C-A4E48AA9FCCD}.Debug|Any CPU.ActiveCfg = Debug|Any CPU
		{5A251E2F-E8F6-485B-9B8C-A4E48AA9FCCD}.Debug|Any CPU.Build.0 = Debug|Any CPU
		{5A251E2F-E8F6-485B-9B8C-A4E48AA9FCCD}.Release|Any CPU.ActiveCfg = Release|Any CPU
		{5A251E2F-E8F6-485B-9B8C-A4E48AA9FCCD}.Release|Any CPU.Build.0 = Release|Any CPU
	EndGlobalSection
	GlobalSection(SolutionProperties) = preSolution
		HideSolutionNode = FALSE
	EndGlobalSection
	GlobalSection(ExtensibilityGlobals) = postSolution
		SolutionGuid = {946FCC19-7C6C-4892-9D69-C599BCC1746C}
	EndGlobalSection
EndGlobal
